
Microsoft Visual Studio Solution File, Format Version 12.00
# Visual Studio Version 17
VisualStudioVersion = 17.0.31903.59
MinimumVisualStudioVersion = 10.0.40219.1
Project("{2150E333-8FDC-42A3-9474-1A3956D46DE8}") = "src", "src", "{827E0CD3-B72D-47B6-A68D-7590B98EB39B}"
EndProject
Project("{2150E333-8FDC-42A3-9474-1A3956D46DE8}") = "Domain", "Domain", "{8B290487-4C16-E85E-E807-F579CBE9FC4D}"
EndProject
Project("{FAE04EC0-301F-11D3-BF4B-00C04F79EFBC}") = "danialNewsNetX.Domain", "src\Domain\danialNewsNetX.Domain.csproj", "{83E48F6A-CB4E-4AF3-B4DE-FA9E85E25DA9}"
EndProject
Project("{2150E333-8FDC-42A3-9474-1A3956D46DE8}") = "Application", "Application", "{22BAF98C-8415-17C4-B26A-D537657BC863}"
EndProject
Project("{FAE04EC0-301F-11D3-BF4B-00C04F79EFBC}") = "danialNewsNetX.Application", "src\Application\danialNewsNetX.Application.csproj", "{46C01E25-27BB-4EEA-88E6-E44110821263}"
EndProject
Project("{2150E333-8FDC-42A3-9474-1A3956D46DE8}") = "Infrastructure", "Infrastructure", "{9048EB7F-3875-A59E-E36B-5BD4C6F2A282}"
EndProject
Project("{FAE04EC0-301F-11D3-BF4B-00C04F79EFBC}") = "danialNewsNetX.Infrastructure", "src\Infrastructure\danialNewsNetX.Infrastructure.csproj", "{F511BB09-4912-46C8-87C9-52A3FF205660}"
EndProject
Project("{2150E333-8FDC-42A3-9474-1A3956D46DE8}") = "WebUI", "WebUI", "{42A6E319-EFF1-272F-1CD3-D4E80E0CDE70}"
EndProject
Project("{FAE04EC0-301F-11D3-BF4B-00C04F79EFBC}") = "danialNewsNetX.WebUI", "src\WebUI\danialNewsNetX.WebUI.csproj", "{E18F35FE-D424-4717-AFB1-5AF190D6220F}"
EndProject
Global
	GlobalSection(SolutionConfigurationPlatforms) = preSolution
		Debug|Any CPU = Debug|Any CPU
		Debug|x64 = Debug|x64
		Debug|x86 = Debug|x86
		Release|Any CPU = Release|Any CPU
		Release|x64 = Release|x64
		Release|x86 = Release|x86
	EndGlobalSection
	GlobalSection(ProjectConfigurationPlatforms) = postSolution
		{83E48F6A-CB4E-4AF3-B4DE-FA9E85E25DA9}.Debug|Any CPU.ActiveCfg = Debug|Any CPU
		{83E48F6A-CB4E-4AF3-B4DE-FA9E85E25DA9}.Debug|Any CPU.Build.0 = Debug|Any CPU
		{83E48F6A-CB4E-4AF3-B4DE-FA9E85E25DA9}.Debug|x64.ActiveCfg = Debug|Any CPU
		{83E48F6A-CB4E-4AF3-B4DE-FA9E85E25DA9}.Debug|x64.Build.0 = Debug|Any CPU
		{83E48F6A-CB4E-4AF3-B4DE-FA9E85E25DA9}.Debug|x86.ActiveCfg = Debug|Any CPU
		{83E48F6A-CB4E-4AF3-B4DE-FA9E85E25DA9}.Debug|x86.Build.0 = Debug|Any CPU
		{83E48F6A-CB4E-4AF3-B4DE-FA9E85E25DA9}.Release|Any CPU.ActiveCfg = Release|Any CPU
		{83E48F6A-CB4E-4AF3-B4DE-FA9E85E25DA9}.Release|Any CPU.Build.0 = Release|Any CPU
		{83E48F6A-CB4E-4AF3-B4DE-FA9E85E25DA9}.Release|x64.ActiveCfg = Release|Any CPU
		{83E48F6A-CB4E-4AF3-B4DE-FA9E85E25DA9}.Release|x64.Build.0 = Release|Any CPU
		{83E48F6A-CB4E-4AF3-B4DE-FA9E85E25DA9}.Release|x86.ActiveCfg = Release|Any CPU
		{83E48F6A-CB4E-4AF3-B4DE-FA9E85E25DA9}.Release|x86.Build.0 = Release|Any CPU
		{46C01E25-27BB-4EEA-88E6-E44110821263}.Debug|Any CPU.ActiveCfg = Debug|Any CPU
		{46C01E25-27BB-4EEA-88E6-E44110821263}.Debug|Any CPU.Build.0 = Debug|Any CPU
		{46C01E25-27BB-4EEA-88E6-E44110821263}.Debug|x64.ActiveCfg = Debug|Any CPU
		{46C01E25-27BB-4EEA-88E6-E44110821263}.Debug|x64.Build.0 = Debug|Any CPU
		{46C01E25-27BB-4EEA-88E6-E44110821263}.Debug|x86.ActiveCfg = Debug|Any CPU
		{46C01E25-27BB-4EEA-88E6-E44110821263}.Debug|x86.Build.0 = Debug|Any CPU
		{46C01E25-27BB-4EEA-88E6-E44110821263}.Release|Any CPU.ActiveCfg = Release|Any CPU
		{46C01E25-27BB-4EEA-88E6-E44110821263}.Release|Any CPU.Build.0 = Release|Any CPU
		{46C01E25-27BB-4EEA-88E6-E44110821263}.Release|x64.ActiveCfg = Release|Any CPU
		{46C01E25-27BB-4EEA-88E6-E44110821263}.Release|x64.Build.0 = Release|Any CPU
		{46C01E25-27BB-4EEA-88E6-E44110821263}.Release|x86.ActiveCfg = Release|Any CPU
		{46C01E25-27BB-4EEA-88E6-E44110821263}.Release|x86.Build.0 = Release|Any CPU
		{F511BB09-4912-46C8-87C9-52A3FF205660}.Debug|Any CPU.ActiveCfg = Debug|Any CPU
		{F511BB09-4912-46C8-87C9-52A3FF205660}.Debug|Any CPU.Build.0 = Debug|Any CPU
		{F511BB09-4912-46C8-87C9-52A3FF205660}.Debug|x64.ActiveCfg = Debug|Any CPU
		{F511BB09-4912-46C8-87C9-52A3FF205660}.Debug|x64.Build.0 = Debug|Any CPU
		{F511BB09-4912-46C8-87C9-52A3FF205660}.Debug|x86.ActiveCfg = Debug|Any CPU
		{F511BB09-4912-46C8-87C9-52A3FF205660}.Debug|x86.Build.0 = Debug|Any CPU
		{F511BB09-4912-46C8-87C9-52A3FF205660}.Release|Any CPU.ActiveCfg = Release|Any CPU
		{F511BB09-4912-46C8-87C9-52A3FF205660}.Release|Any CPU.Build.0 = Release|Any CPU
		{F511BB09-4912-46C8-87C9-52A3FF205660}.Release|x64.ActiveCfg = Release|Any CPU
		{F511BB09-4912-46C8-87C9-52A3FF205660}.Release|x64.Build.0 = Release|Any CPU
		{F511BB09-4912-46C8-87C9-52A3FF205660}.Release|x86.ActiveCfg = Release|Any CPU
		{F511BB09-4912-46C8-87C9-52A3FF205660}.Release|x86.Build.0 = Release|Any CPU
		{E18F35FE-D424-4717-AFB1-5AF190D6220F}.Debug|Any CPU.ActiveCfg = Debug|Any CPU
		{E18F35FE-D424-4717-AFB1-5AF190D6220F}.Debug|Any CPU.Build.0 = Debug|Any CPU
		{E18F35FE-D424-4717-AFB1-5AF190D6220F}.Debug|x64.ActiveCfg = Debug|Any CPU
		{E18F35FE-D424-4717-AFB1-5AF190D6220F}.Debug|x64.Build.0 = Debug|Any CPU
		{E18F35FE-D424-4717-AFB1-5AF190D6220F}.Debug|x86.ActiveCfg = Debug|Any CPU
		{E18F35FE-D424-4717-AFB1-5AF190D6220F}.Debug|x86.Build.0 = Debug|Any CPU
		{E18F35FE-D424-4717-AFB1-5AF190D6220F}.Release|Any CPU.ActiveCfg = Release|Any CPU
		{E18F35FE-D424-4717-AFB1-5AF190D6220F}.Release|Any CPU.Build.0 = Release|Any CPU
		{E18F35FE-D424-4717-AFB1-5AF190D6220F}.Release|x64.ActiveCfg = Release|Any CPU
		{E18F35FE-D424-4717-AFB1-5AF190D6220F}.Release|x64.Build.0 = Release|Any CPU
		{E18F35FE-D424-4717-AFB1-5AF190D6220F}.Release|x86.ActiveCfg = Release|Any CPU
		{E18F35FE-D424-4717-AFB1-5AF190D6220F}.Release|x86.Build.0 = Release|Any CPU
	EndGlobalSection
	GlobalSection(SolutionProperties) = preSolution
		HideSolutionNode = FALSE
	EndGlobalSection
	GlobalSection(NestedProjects) = preSolution
		{8B290487-4C16-E85E-E807-F579CBE9FC4D} = {827E0CD3-B72D-47B6-A68D-7590B98EB39B}
		{83E48F6A-CB4E-4AF3-B4DE-FA9E85E25DA9} = {8B290487-4C16-E85E-E807-F579CBE9FC4D}
		{22BAF98C-8415-17C4-B26A-D537657BC863} = {827E0CD3-B72D-47B6-A68D-7590B98EB39B}
		{46C01E25-27BB-4EEA-88E6-E44110821263} = {22BAF98C-8415-17C4-B26A-D537657BC863}
		{9048EB7F-3875-A59E-E36B-5BD4C6F2A282} = {827E0CD3-B72D-47B6-A68D-7590B98EB39B}
		{F511BB09-4912-46C8-87C9-52A3FF205660} = {9048EB7F-3875-A59E-E36B-5BD4C6F2A282}
		{42A6E319-EFF1-272F-1CD3-D4E80E0CDE70} = {827E0CD3-B72D-47B6-A68D-7590B98EB39B}
		{E18F35FE-D424-4717-AFB1-5AF190D6220F} = {42A6E319-EFF1-272F-1CD3-D4E80E0CDE70}
	EndGlobalSection
EndGlobal
